
Microsoft Visual Studio Solution File, Format Version 12.00
# Visual Studio Version 17
VisualStudioVersion = 17.14.36414.22 d17.14
MinimumVisualStudioVersion = 10.0.40219.1
Project("{FAE04EC0-301F-11D3-BF4B-00C04F79EFBC}") = "Book", "Book\Book.csproj", "{BCF9ABBC-2600-41D6-913A-7D0D09CC4FED}"
EndProject
Global
	GlobalSection(SolutionConfigurationPlatforms) = preSolution
		Debug|Any CPU = Debug|Any CPU
		Release|Any CPU = Release|Any CPU
	EndGlobalSection
	GlobalSection(ProjectConfigurationPlatforms) = postSolution
		{BCF9ABBC-2600-41D6-913A-7D0D09CC4FED}.Debug|Any CPU.ActiveCfg = Debug|Any CPU
		{BCF9ABBC-2600-41D6-913A-7D0D09CC4FED}.Debug|Any CPU.Build.0 = Debug|Any CPU
		{BCF9ABBC-2600-41D6-913A-7D0D09CC4FED}.Release|Any CPU.ActiveCfg = Release|Any CPU
		{BCF9ABBC-2600-41D6-913A-7D0D09CC4FED}.Release|Any CPU.Build.0 = Release|Any CPU
	EndGlobalSection
	GlobalSection(SolutionProperties) = preSolution
		HideSolutionNode = FALSE
	EndGlobalSection
	GlobalSection(ExtensibilityGlobals) = postSolution
		SolutionGuid = {65AF5B93-14F2-4966-AB53-5307061F2790}
	EndGlobalSection
EndGlobal
